
Microsoft Visual Studio Solution File, Format Version 12.00
# Visual Studio 15
VisualStudioVersion = 15.0.27004.2009
MinimumVisualStudioVersion = 10.0.40219.1
Project("{8BC9CEB8-8B4A-11D0-8D11-00A0C91BC942}") = "War3Cheat", "War3Cheat\War3Cheat.vcxproj", "{6447D200-A019-4548-8B45-2E196142C9B0}"
EndProject
Project("{8BC9CEB8-8B4A-11D0-8D11-00A0C91BC942}") = "InjectorWar3", "InjectorWar3\InjectorWar3.vcxproj", "{D8A9D5BD-2862-4D4E-8A03-FAC146C40B13}"
EndProject
Global
	GlobalSection(SolutionConfigurationPlatforms) = preSolution
		Debug|x64 = Debug|x64
		Debug|x86 = Debug|x86
		Release|x64 = Release|x64
		Release|x86 = Release|x86
	EndGlobalSection
	GlobalSection(ProjectConfigurationPlatforms) = postSolution
		{6447D200-A019-4548-8B45-2E196142C9B0}.Debug|x64.ActiveCfg = Debug|x64
		{6447D200-A019-4548-8B45-2E196142C9B0}.Debug|x64.Build.0 = Debug|x64
		{6447D200-A019-4548-8B45-2E196142C9B0}.Debug|x86.ActiveCfg = Debug|Win32
		{6447D200-A019-4548-8B45-2E196142C9B0}.Debug|x86.Build.0 = Debug|Win32
		{6447D200-A019-4548-8B45-2E196142C9B0}.Release|x64.ActiveCfg = Release|x64
		{6447D200-A019-4548-8B45-2E196142C9B0}.Release|x64.Build.0 = Release|x64
		{6447D200-A019-4548-8B45-2E196142C9B0}.Release|x86.ActiveCfg = Release|Win32
		{6447D200-A019-4548-8B45-2E196142C9B0}.Release|x86.Build.0 = Release|Win32
		{D8A9D5BD-2862-4D4E-8A03-FAC146C40B13}.Debug|x64.ActiveCfg = Debug|x64
		{D8A9D5BD-2862-4D4E-8A03-FAC146C40B13}.Debug|x64.Build.0 = Debug|x64
		{D8A9D5BD-2862-4D4E-8A03-FAC146C40B13}.Debug|x86.ActiveCfg = Debug|Win32
		{D8A9D5BD-2862-4D4E-8A03-FAC146C40B13}.Debug|x86.Build.0 = Debug|Win32
		{D8A9D5BD-2862-4D4E-8A03-FAC146C40B13}.Release|x64.ActiveCfg = Release|x64
		{D8A9D5BD-2862-4D4E-8A03-FAC146C40B13}.Release|x64.Build.0 = Release|x64
		{D8A9D5BD-2862-4D4E-8A03-FAC146C40B13}.Release|x86.ActiveCfg = Release|Win32
		{D8A9D5BD-2862-4D4E-8A03-FAC146C40B13}.Release|x86.Build.0 = Release|Win32
	EndGlobalSection
	GlobalSection(SolutionProperties) = preSolution
		HideSolutionNode = FALSE
	EndGlobalSection
	GlobalSection(ExtensibilityGlobals) = postSolution
		SolutionGuid = {6FDEA0E3-CFFD-4E81-B8A0-09B7CC92A6C2}
	EndGlobalSection
EndGlobal
