<?xml version="1.0" encoding="utf-8"?>
<Project ToolsVersion="4.0" xmlns="http://schemas.microsoft.com/developer/msbuild/2003">
  <ItemGroup>
    <Filter Include="Source Files">
      <UniqueIdentifier>{4FC737F1-C7A5-4376-A066-2A32D752A2FF}</UniqueIdentifier>
      <Extensions>cpp;c;cc;cxx;def;odl;idl;hpj;bat;asm;asmx</Extensions>
    </Filter>
    <Filter Include="Header Files">
      <UniqueIdentifier>{93995380-89BD-4b04-88EB-625FBE52EBFB}</UniqueIdentifier>
      <Extensions>h;hh;hpp;hxx;hm;inl;inc;xsd</Extensions>
    </Filter>
    <Filter Include="Resource Files">
      <UniqueIdentifier>{67DA6AB6-F800-4c08-8B7A-83BB121AAD01}</UniqueIdentifier>
      <Extensions>rc;ico;cur;bmp;dlg;rc2;rct;bin;rgs;gif;jpg;jpeg;jpe;resx;tiff;tif;png;wav;mfcribbon-ms</Extensions>
    </Filter>
    <Filter Include="MyTools">
      <UniqueIdentifier>{e8997a81-c940-45b2-badf-d6a51f7e6214}</UniqueIdentifier>
    </Filter>
    <Filter Include="Feature">
      <UniqueIdentifier>{2a2ab7cd-f612-41c2-9148-796408e4826d}</UniqueIdentifier>
    </Filter>
    <Filter Include="Feature\Expr">
      <UniqueIdentifier>{f0a674af-3f26-4750-8fbc-78b8f3dfbb87}</UniqueIdentifier>
    </Filter>
    <Filter Include="Feature\Object">
      <UniqueIdentifier>{02bf2949-e784-4b28-8f9d-fc4cad64d849}</UniqueIdentifier>
    </Filter>
  </ItemGroup>
  <ItemGroup>
    <ClInclude Include="stdafx.h">
      <Filter>Header Files</Filter>
    </ClInclude>
    <ClInclude Include="targetver.h">
      <Filter>Header Files</Filter>
    </ClInclude>
    <ClInclude Include="..\..\MyTools\MyTools\Character.h">
      <Filter>MyTools</Filter>
    </ClInclude>
    <ClInclude Include="..\..\MyTools\MyTools\ClassInstance.h">
      <Filter>MyTools</Filter>
    </ClInclude>
    <ClInclude Include="..\..\MyTools\MyTools\CLAsync.h">
      <Filter>MyTools</Filter>
    </ClInclude>
    <ClInclude Include="..\..\MyTools\MyTools\CLEchoException.h">
      <Filter>MyTools</Filter>
    </ClInclude>
    <ClInclude Include="..\..\MyTools\MyTools\CLErrMsg.h">
      <Filter>MyTools</Filter>
    </ClInclude>
    <ClInclude Include="..\..\MyTools\MyTools\CLExpression.h">
      <Filter>MyTools</Filter>
    </ClInclude>
    <ClInclude Include="..\..\MyTools\MyTools\CLExpressionCalc.h">
      <Filter>MyTools</Filter>
    </ClInclude>
    <ClInclude Include="..\..\MyTools\MyTools\CLFile.h">
      <Filter>MyTools</Filter>
    </ClInclude>
    <ClInclude Include="..\..\MyTools\MyTools\CLLock.h">
      <Filter>MyTools</Filter>
    </ClInclude>
    <ClInclude Include="..\..\MyTools\MyTools\CLProcess.h">
      <Filter>MyTools</Filter>
    </ClInclude>
    <ClInclude Include="..\..\MyTools\MyTools\CLPublic.h">
      <Filter>MyTools</Filter>
    </ClInclude>
    <ClInclude Include="..\..\MyTools\MyTools\CLSearchBase.h">
      <Filter>MyTools</Filter>
    </ClInclude>
    <ClInclude Include="..\..\MyTools\MyTools\CmdLog.h">
      <Filter>MyTools</Filter>
    </ClInclude>
    <ClInclude Include="..\..\MyTools\MyTools\Log.h">
      <Filter>MyTools</Filter>
    </ClInclude>
    <ClInclude Include="..\..\MyTools\MyTools\TimeTick.h">
      <Filter>MyTools</Filter>
    </ClInclude>
    <ClInclude Include="..\..\MyTools\MyTools\ToolsPublic.h">
      <Filter>MyTools</Filter>
    </ClInclude>
    <ClInclude Include="Expr.h">
      <Filter>Feature\Expr</Filter>
    </ClInclude>
    <ClInclude Include="..\..\MyTools\MyTools\CLHook.h">
      <Filter>MyTools</Filter>
    </ClInclude>
    <ClInclude Include="..\..\MyTools\MyTools\LDasm.h">
      <Filter>MyTools</Filter>
    </ClInclude>
    <ClInclude Include="..\..\MyTools\MyTools\LdrHeader.h">
      <Filter>MyTools</Filter>
    </ClInclude>
    <ClInclude Include="FindGameObject.h">
      <Filter>Feature\Object</Filter>
    </ClInclude>
  </ItemGroup>
  <ItemGroup>
    <ClCompile Include="stdafx.cpp">
      <Filter>Source Files</Filter>
    </ClCompile>
    <ClCompile Include="War3Cheat.cpp">
      <Filter>Source Files</Filter>
    </ClCompile>
    <ClCompile Include="dllmain.cpp">
      <Filter>Source Files</Filter>
    </ClCompile>
    <ClCompile Include="..\..\MyTools\MyTools\Character.cpp">
      <Filter>MyTools</Filter>
    </ClCompile>
    <ClCompile Include="..\..\MyTools\MyTools\CLAsync.cpp">
      <Filter>MyTools</Filter>
    </ClCompile>
    <ClCompile Include="..\..\MyTools\MyTools\CLErrMsg.cpp">
      <Filter>MyTools</Filter>
    </ClCompile>
    <ClCompile Include="..\..\MyTools\MyTools\CLExpression.cpp">
      <Filter>MyTools</Filter>
    </ClCompile>
    <ClCompile Include="..\..\MyTools\MyTools\CLExpressionCalc.cpp">
      <Filter>MyTools</Filter>
    </ClCompile>
    <ClCompile Include="..\..\MyTools\MyTools\CLFile.cpp">
      <Filter>MyTools</Filter>
    </ClCompile>
    <ClCompile Include="..\..\MyTools\MyTools\CLLock.cpp">
      <Filter>MyTools</Filter>
    </ClCompile>
    <ClCompile Include="..\..\MyTools\MyTools\CLProcess.cpp">
      <Filter>MyTools</Filter>
    </ClCompile>
    <ClCompile Include="..\..\MyTools\MyTools\CLSearchBase.cpp">
      <Filter>MyTools</Filter>
    </ClCompile>
    <ClCompile Include="..\..\MyTools\MyTools\CLThread.cpp">
      <Filter>MyTools</Filter>
    </ClCompile>
    <ClCompile Include="..\..\MyTools\MyTools\CmdLog.cpp">
      <Filter>MyTools</Filter>
    </ClCompile>
    <ClCompile Include="..\..\MyTools\MyTools\CPublic.cpp">
      <Filter>MyTools</Filter>
    </ClCompile>
    <ClCompile Include="..\..\MyTools\MyTools\Log.cpp">
      <Filter>MyTools</Filter>
    </ClCompile>
    <ClCompile Include="..\..\MyTools\MyTools\TimeTick.cpp">
      <Filter>MyTools</Filter>
    </ClCompile>
    <ClCompile Include="Expr.cpp">
      <Filter>Feature\Expr</Filter>
    </ClCompile>
    <ClCompile Include="..\..\MyTools\MyTools\CLHook.cpp">
      <Filter>MyTools</Filter>
    </ClCompile>
    <ClCompile Include="..\..\MyTools\MyTools\LDasm.cpp">
      <Filter>MyTools</Filter>
    </ClCompile>
    <ClCompile Include="..\..\MyTools\MyTools\LdrHeader.cpp">
      <Filter>MyTools</Filter>
    </ClCompile>
    <ClCompile Include="FindGameObject.cpp">
      <Filter>Feature\Object</Filter>
    </ClCompile>
  </ItemGroup>
</Project>